
Microsoft Visual Studio Solution File, Format Version 12.00
# Visual Studio 2013
VisualStudioVersion = 12.0.31101.0
MinimumVisualStudioVersion = 10.0.40219.1
Project("{2150E333-8FDC-42A3-9474-1A3956D46DE8}") = "Abcore", "Abcore", "{B0A08634-228F-47B7-9FB3-4BD4A3E0CDF8}"
EndProject
Project("{2150E333-8FDC-42A3-9474-1A3956D46DE8}") = "web", "web", "{5B92C8E6-CB99-4D78-A918-82C296C5D5C2}"
	ProjectSection(SolutionItems) = preProject
		web\index.html = web\index.html
		sample.html = sample.html
	EndProjectSection
EndProject
Global
	GlobalSection(SolutionProperties) = preSolution
		HideSolutionNode = FALSE
	EndGlobalSection
	GlobalSection(NestedProjects) = preSolution
		{5B92C8E6-CB99-4D78-A918-82C296C5D5C2} = {B0A08634-228F-47B7-9FB3-4BD4A3E0CDF8}
	EndGlobalSection
EndGlobal
